
Microsoft Visual Studio Solution File, Format Version 12.00
# Visual Studio Version 17
VisualStudioVersion = 17.4.33213.308
MinimumVisualStudioVersion = 10.0.40219.1
Project("{FAE04EC0-301F-11D3-BF4B-00C04F79EFBC}") = "MinQ", "MinQ.csproj", "{B3FF5E2E-08D7-46B4-81F5-5FC5CD5ED7D0}"
EndProject
Global
	GlobalSection(SolutionConfigurationPlatforms) = preSolution
		Debug|Any CPU = Debug|Any CPU
		Release|Any CPU = Release|Any CPU
	EndGlobalSection
	GlobalSection(ProjectConfigurationPlatforms) = postSolution
		{B3FF5E2E-08D7-46B4-81F5-5FC5CD5ED7D0}.Debug|Any CPU.ActiveCfg = Debug|Any CPU
		{B3FF5E2E-08D7-46B4-81F5-5FC5CD5ED7D0}.Debug|Any CPU.Build.0 = Debug|Any CPU
		{B3FF5E2E-08D7-46B4-81F5-5FC5CD5ED7D0}.Release|Any CPU.ActiveCfg = Release|Any CPU
		{B3FF5E2E-08D7-46B4-81F5-5FC5CD5ED7D0}.Release|Any CPU.Build.0 = Release|Any CPU
	EndGlobalSection
	GlobalSection(SolutionProperties) = preSolution
		HideSolutionNode = FALSE
	EndGlobalSection
	GlobalSection(ExtensibilityGlobals) = postSolution
		SolutionGuid = {5D32E0AA-6346-4F5B-BCF5-A1FA4E5E1A71}
	EndGlobalSection
EndGlobal
